
Microsoft Visual Studio Solution File, Format Version 12.00
# Visual Studio Version 17
VisualStudioVersion = 17.4.33103.184
MinimumVisualStudioVersion = 10.0.40219.1
Project("{FAE04EC0-301F-11D3-BF4B-00C04F79EFBC}") = "ConsoleAppTestWordDoc", "ConsoleAppTestWordDoc\ConsoleAppTestWordDoc.csproj", "{92E45079-4A1E-4FCC-B0C4-DB9F913AA256}"
EndProject
Global
	GlobalSection(SolutionConfigurationPlatforms) = preSolution
		Debug|Any CPU = Debug|Any CPU
		Release|Any CPU = Release|Any CPU
	EndGlobalSection
	GlobalSection(ProjectConfigurationPlatforms) = postSolution
		{92E45079-4A1E-4FCC-B0C4-DB9F913AA256}.Debug|Any CPU.ActiveCfg = Debug|Any CPU
		{92E45079-4A1E-4FCC-B0C4-DB9F913AA256}.Debug|Any CPU.Build.0 = Debug|Any CPU
		{92E45079-4A1E-4FCC-B0C4-DB9F913AA256}.Release|Any CPU.ActiveCfg = Release|Any CPU
		{92E45079-4A1E-4FCC-B0C4-DB9F913AA256}.Release|Any CPU.Build.0 = Release|Any CPU
	EndGlobalSection
	GlobalSection(SolutionProperties) = preSolution
		HideSolutionNode = FALSE
	EndGlobalSection
	GlobalSection(ExtensibilityGlobals) = postSolution
		SolutionGuid = {6074071F-A198-4163-8EAE-5733CA9E464C}
	EndGlobalSection
EndGlobal
